
Microsoft Visual Studio Solution File, Format Version 12.00
# Visual Studio 15
VisualStudioVersion = 15.0.28307.106
MinimumVisualStudioVersion = 10.0.40219.1
Project("{FAE04EC0-301F-11D3-BF4B-00C04F79EFBC}") = "BinaryTreeLinq", "BinaryTreeLinq\BinaryTreeLinq.csproj", "{EAA86874-D771-4CF0-B195-4B6BE50BAA04}"
EndProject
Global
	GlobalSection(SolutionConfigurationPlatforms) = preSolution
		Debug|Any CPU = Debug|Any CPU
		Release|Any CPU = Release|Any CPU
	EndGlobalSection
	GlobalSection(ProjectConfigurationPlatforms) = postSolution
		{EAA86874-D771-4CF0-B195-4B6BE50BAA04}.Debug|Any CPU.ActiveCfg = Debug|Any CPU
		{EAA86874-D771-4CF0-B195-4B6BE50BAA04}.Debug|Any CPU.Build.0 = Debug|Any CPU
		{EAA86874-D771-4CF0-B195-4B6BE50BAA04}.Release|Any CPU.ActiveCfg = Release|Any CPU
		{EAA86874-D771-4CF0-B195-4B6BE50BAA04}.Release|Any CPU.Build.0 = Release|Any CPU
	EndGlobalSection
	GlobalSection(SolutionProperties) = preSolution
		HideSolutionNode = FALSE
	EndGlobalSection
	GlobalSection(ExtensibilityGlobals) = postSolution
		SolutionGuid = {CD7F82F3-6807-411A-BF5C-98BFAF41DADF}
	EndGlobalSection
EndGlobal
